
Microsoft Visual Studio Solution File, Format Version 12.00
# Visual Studio 14
VisualStudioVersion = 14.0.25420.1
MinimumVisualStudioVersion = 10.0.40219.1
Project("{F184B08F-C81C-45F6-A57F-5ABD9991F28F}") = "tgs6_wisata", "tgs6_wisata\tgs6_wisata.vbproj", "{02B89183-1143-4063-A8C7-1453641AD32C}"
EndProject
Global
	GlobalSection(SolutionConfigurationPlatforms) = preSolution
		Debug|Any CPU = Debug|Any CPU
		Release|Any CPU = Release|Any CPU
	EndGlobalSection
	GlobalSection(ProjectConfigurationPlatforms) = postSolution
		{02B89183-1143-4063-A8C7-1453641AD32C}.Debug|Any CPU.ActiveCfg = Debug|Any CPU
		{02B89183-1143-4063-A8C7-1453641AD32C}.Debug|Any CPU.Build.0 = Debug|Any CPU
		{02B89183-1143-4063-A8C7-1453641AD32C}.Release|Any CPU.ActiveCfg = Release|Any CPU
		{02B89183-1143-4063-A8C7-1453641AD32C}.Release|Any CPU.Build.0 = Release|Any CPU
	EndGlobalSection
	GlobalSection(SolutionProperties) = preSolution
		HideSolutionNode = FALSE
	EndGlobalSection
EndGlobal
